
Microsoft Visual Studio Solution File, Format Version 12.00
# Visual Studio Version 17
VisualStudioVersion = 17.0.31903.59
MinimumVisualStudioVersion = 10.0.40219.1
Project("{FAE04EC0-301F-11D3-BF4B-00C04F79EFBC}") = "FitnessApp.Data", "FitnessApp.Data\FitnessApp.Data.csproj", "{66BAF29E-34F8-44F3-BE9D-DA4CA82A8EDA}"
EndProject
Project("{FAE04EC0-301F-11D3-BF4B-00C04F79EFBC}") = "FitnessApp.API", "FitnessApp.API\FitnessApp.API.csproj", "{3E97F50D-F7F9-4586-8DA5-D51E92813B49}"
EndProject
Project("{FAE04EC0-301F-11D3-BF4B-00C04F79EFBC}") = "FitnessApp.ML", "FitnessApp.ML\FitnessApp.ML.csproj", "{C5F21E5D-F24F-457C-AF47-B3A622F74993}"
EndProject
Project("{2150E333-8FDC-42A3-9474-1A3956D46DE8}") = "Solution Items", "Solution Items", "{8EC462FD-D22E-90A8-E5CE-7E832BA40C5D}"
	ProjectSection(SolutionItems) = preProject
		.gitignore = .gitignore
	EndProjectSection
EndProject
Project("{FAE04EC0-301F-11D3-BF4B-00C04F79EFBC}") = "ClientApp", "ClientApp\ClientApp.csproj", "{ACE54BB1-AEA1-4765-8C91-0F0B9948C3F5}"
EndProject
Global
	GlobalSection(SolutionConfigurationPlatforms) = preSolution
		Debug|Any CPU = Debug|Any CPU
		Debug|x64 = Debug|x64
		Debug|x86 = Debug|x86
		Release|Any CPU = Release|Any CPU
		Release|x64 = Release|x64
		Release|x86 = Release|x86
	EndGlobalSection
	GlobalSection(ProjectConfigurationPlatforms) = postSolution
		{66BAF29E-34F8-44F3-BE9D-DA4CA82A8EDA}.Debug|Any CPU.ActiveCfg = Debug|Any CPU
		{66BAF29E-34F8-44F3-BE9D-DA4CA82A8EDA}.Debug|Any CPU.Build.0 = Debug|Any CPU
		{66BAF29E-34F8-44F3-BE9D-DA4CA82A8EDA}.Debug|x64.ActiveCfg = Debug|Any CPU
		{66BAF29E-34F8-44F3-BE9D-DA4CA82A8EDA}.Debug|x64.Build.0 = Debug|Any CPU
		{66BAF29E-34F8-44F3-BE9D-DA4CA82A8EDA}.Debug|x86.ActiveCfg = Debug|Any CPU
		{66BAF29E-34F8-44F3-BE9D-DA4CA82A8EDA}.Debug|x86.Build.0 = Debug|Any CPU
		{66BAF29E-34F8-44F3-BE9D-DA4CA82A8EDA}.Release|Any CPU.ActiveCfg = Release|Any CPU
		{66BAF29E-34F8-44F3-BE9D-DA4CA82A8EDA}.Release|Any CPU.Build.0 = Release|Any CPU
		{66BAF29E-34F8-44F3-BE9D-DA4CA82A8EDA}.Release|x64.ActiveCfg = Release|Any CPU
		{66BAF29E-34F8-44F3-BE9D-DA4CA82A8EDA}.Release|x64.Build.0 = Release|Any CPU
		{66BAF29E-34F8-44F3-BE9D-DA4CA82A8EDA}.Release|x86.ActiveCfg = Release|Any CPU
		{66BAF29E-34F8-44F3-BE9D-DA4CA82A8EDA}.Release|x86.Build.0 = Release|Any CPU
		{3E97F50D-F7F9-4586-8DA5-D51E92813B49}.Debug|Any CPU.ActiveCfg = Debug|Any CPU
		{3E97F50D-F7F9-4586-8DA5-D51E92813B49}.Debug|Any CPU.Build.0 = Debug|Any CPU
		{3E97F50D-F7F9-4586-8DA5-D51E92813B49}.Debug|x64.ActiveCfg = Debug|Any CPU
		{3E97F50D-F7F9-4586-8DA5-D51E92813B49}.Debug|x64.Build.0 = Debug|Any CPU
		{3E97F50D-F7F9-4586-8DA5-D51E92813B49}.Debug|x86.ActiveCfg = Debug|Any CPU
		{3E97F50D-F7F9-4586-8DA5-D51E92813B49}.Debug|x86.Build.0 = Debug|Any CPU
		{3E97F50D-F7F9-4586-8DA5-D51E92813B49}.Release|Any CPU.ActiveCfg = Release|Any CPU
		{3E97F50D-F7F9-4586-8DA5-D51E92813B49}.Release|Any CPU.Build.0 = Release|Any CPU
		{3E97F50D-F7F9-4586-8DA5-D51E92813B49}.Release|x64.ActiveCfg = Release|Any CPU
		{3E97F50D-F7F9-4586-8DA5-D51E92813B49}.Release|x64.Build.0 = Release|Any CPU
		{3E97F50D-F7F9-4586-8DA5-D51E92813B49}.Release|x86.ActiveCfg = Release|Any CPU
		{3E97F50D-F7F9-4586-8DA5-D51E92813B49}.Release|x86.Build.0 = Release|Any CPU
		{C5F21E5D-F24F-457C-AF47-B3A622F74993}.Debug|Any CPU.ActiveCfg = Debug|Any CPU
		{C5F21E5D-F24F-457C-AF47-B3A622F74993}.Debug|Any CPU.Build.0 = Debug|Any CPU
		{C5F21E5D-F24F-457C-AF47-B3A622F74993}.Debug|x64.ActiveCfg = Debug|Any CPU
		{C5F21E5D-F24F-457C-AF47-B3A622F74993}.Debug|x64.Build.0 = Debug|Any CPU
		{C5F21E5D-F24F-457C-AF47-B3A622F74993}.Debug|x86.ActiveCfg = Debug|Any CPU
		{C5F21E5D-F24F-457C-AF47-B3A622F74993}.Debug|x86.Build.0 = Debug|Any CPU
		{C5F21E5D-F24F-457C-AF47-B3A622F74993}.Release|Any CPU.ActiveCfg = Release|Any CPU
		{C5F21E5D-F24F-457C-AF47-B3A622F74993}.Release|Any CPU.Build.0 = Release|Any CPU
		{C5F21E5D-F24F-457C-AF47-B3A622F74993}.Release|x64.ActiveCfg = Release|Any CPU
		{C5F21E5D-F24F-457C-AF47-B3A622F74993}.Release|x64.Build.0 = Release|Any CPU
		{C5F21E5D-F24F-457C-AF47-B3A622F74993}.Release|x86.ActiveCfg = Release|Any CPU
		{C5F21E5D-F24F-457C-AF47-B3A622F74993}.Release|x86.Build.0 = Release|Any CPU
		{ACE54BB1-AEA1-4765-8C91-0F0B9948C3F5}.Debug|Any CPU.ActiveCfg = Debug|Any CPU
		{ACE54BB1-AEA1-4765-8C91-0F0B9948C3F5}.Debug|Any CPU.Build.0 = Debug|Any CPU
		{ACE54BB1-AEA1-4765-8C91-0F0B9948C3F5}.Debug|x64.ActiveCfg = Debug|Any CPU
		{ACE54BB1-AEA1-4765-8C91-0F0B9948C3F5}.Debug|x64.Build.0 = Debug|Any CPU
		{ACE54BB1-AEA1-4765-8C91-0F0B9948C3F5}.Debug|x86.ActiveCfg = Debug|Any CPU
		{ACE54BB1-AEA1-4765-8C91-0F0B9948C3F5}.Debug|x86.Build.0 = Debug|Any CPU
		{ACE54BB1-AEA1-4765-8C91-0F0B9948C3F5}.Release|Any CPU.ActiveCfg = Release|Any CPU
		{ACE54BB1-AEA1-4765-8C91-0F0B9948C3F5}.Release|Any CPU.Build.0 = Release|Any CPU
		{ACE54BB1-AEA1-4765-8C91-0F0B9948C3F5}.Release|x64.ActiveCfg = Release|Any CPU
		{ACE54BB1-AEA1-4765-8C91-0F0B9948C3F5}.Release|x64.Build.0 = Release|Any CPU
		{ACE54BB1-AEA1-4765-8C91-0F0B9948C3F5}.Release|x86.ActiveCfg = Release|Any CPU
		{ACE54BB1-AEA1-4765-8C91-0F0B9948C3F5}.Release|x86.Build.0 = Release|Any CPU
	EndGlobalSection
	GlobalSection(SolutionProperties) = preSolution
		HideSolutionNode = FALSE
	EndGlobalSection
	GlobalSection(ExtensibilityGlobals) = postSolution
		SolutionGuid = {DBB79E88-3392-4290-9081-2090DFC5605B}
	EndGlobalSection
EndGlobal
